
Microsoft Visual Studio Solution File, Format Version 12.00
# Visual Studio Version 16
VisualStudioVersion = 16.0.30611.23
MinimumVisualStudioVersion = 10.0.40219.1
Project("{FAE04EC0-301F-11D3-BF4B-00C04F79EFBC}") = "RabbitMQ-Produtor", "RabbitMQ-Produtor\RabbitMQ-Produtor.csproj", "{51824B7E-E97C-415C-84EA-AFC456C142CD}"
EndProject
Global
	GlobalSection(SolutionConfigurationPlatforms) = preSolution
		Debug|Any CPU = Debug|Any CPU
		Release|Any CPU = Release|Any CPU
	EndGlobalSection
	GlobalSection(ProjectConfigurationPlatforms) = postSolution
		{51824B7E-E97C-415C-84EA-AFC456C142CD}.Debug|Any CPU.ActiveCfg = Debug|Any CPU
		{51824B7E-E97C-415C-84EA-AFC456C142CD}.Debug|Any CPU.Build.0 = Debug|Any CPU
		{51824B7E-E97C-415C-84EA-AFC456C142CD}.Release|Any CPU.ActiveCfg = Release|Any CPU
		{51824B7E-E97C-415C-84EA-AFC456C142CD}.Release|Any CPU.Build.0 = Release|Any CPU
	EndGlobalSection
	GlobalSection(SolutionProperties) = preSolution
		HideSolutionNode = FALSE
	EndGlobalSection
	GlobalSection(ExtensibilityGlobals) = postSolution
		SolutionGuid = {A9B77AA8-A468-4F91-A074-D5782C3E068D}
	EndGlobalSection
EndGlobal
